
Microsoft Visual Studio Solution File, Format Version 12.00
# Visual Studio Version 16
VisualStudioVersion = 16.0.31005.135
MinimumVisualStudioVersion = 10.0.40219.1
Project("{FAE04EC0-301F-11D3-BF4B-00C04F79EFBC}") = "CloudKarafka.WebHook.Net", "CloudKarafka.WebHook.Net.csproj", "{7A5E440B-1021-4177-B469-35AE137A57B3}"
EndProject
Project("{FAE04EC0-301F-11D3-BF4B-00C04F79EFBC}") = "CloudKarafka.Pocos.Net", "..\CloudKarafka.Pocos.Net\CloudKarafka.Pocos.Net.csproj", "{3F0F1E4C-38B6-4035-8655-1FD094B0CB5A}"
EndProject
Global
	GlobalSection(SolutionConfigurationPlatforms) = preSolution
		Debug|Any CPU = Debug|Any CPU
		Release|Any CPU = Release|Any CPU
	EndGlobalSection
	GlobalSection(ProjectConfigurationPlatforms) = postSolution
		{7A5E440B-1021-4177-B469-35AE137A57B3}.Debug|Any CPU.ActiveCfg = Debug|Any CPU
		{7A5E440B-1021-4177-B469-35AE137A57B3}.Debug|Any CPU.Build.0 = Debug|Any CPU
		{7A5E440B-1021-4177-B469-35AE137A57B3}.Release|Any CPU.ActiveCfg = Release|Any CPU
		{7A5E440B-1021-4177-B469-35AE137A57B3}.Release|Any CPU.Build.0 = Release|Any CPU
		{3F0F1E4C-38B6-4035-8655-1FD094B0CB5A}.Debug|Any CPU.ActiveCfg = Debug|Any CPU
		{3F0F1E4C-38B6-4035-8655-1FD094B0CB5A}.Debug|Any CPU.Build.0 = Debug|Any CPU
		{3F0F1E4C-38B6-4035-8655-1FD094B0CB5A}.Release|Any CPU.ActiveCfg = Release|Any CPU
		{3F0F1E4C-38B6-4035-8655-1FD094B0CB5A}.Release|Any CPU.Build.0 = Release|Any CPU
	EndGlobalSection
	GlobalSection(SolutionProperties) = preSolution
		HideSolutionNode = FALSE
	EndGlobalSection
	GlobalSection(ExtensibilityGlobals) = postSolution
		SolutionGuid = {E1DEED74-F3A0-496D-83BE-781CB05BA5BC}
	EndGlobalSection
EndGlobal
