
Microsoft Visual Studio Solution File, Format Version 12.00
# Visual Studio Version 16
VisualStudioVersion = 16.0.31005.135
MinimumVisualStudioVersion = 10.0.40219.1
Project("{FAE04EC0-301F-11D3-BF4B-00C04F79EFBC}") = "CloudKarafka.Producer.Net", "CloudKarafka.Producer.Net.csproj", "{53EB731E-A08A-4045-BB07-B57333D72C9A}"
EndProject
Project("{9A19103F-16F7-4668-BE54-9A1E7A4F7556}") = "CloudKarafka.Pocos.Net", "..\CloudKarafka.Pocos.Net\CloudKarafka.Pocos.Net.csproj", "{EA7FB291-59B6-4AD5-A275-EF4443CDC83D}"
EndProject
Global
	GlobalSection(SolutionConfigurationPlatforms) = preSolution
		Debug|Any CPU = Debug|Any CPU
		Release|Any CPU = Release|Any CPU
	EndGlobalSection
	GlobalSection(ProjectConfigurationPlatforms) = postSolution
		{53EB731E-A08A-4045-BB07-B57333D72C9A}.Debug|Any CPU.ActiveCfg = Debug|Any CPU
		{53EB731E-A08A-4045-BB07-B57333D72C9A}.Debug|Any CPU.Build.0 = Debug|Any CPU
		{53EB731E-A08A-4045-BB07-B57333D72C9A}.Release|Any CPU.ActiveCfg = Release|Any CPU
		{53EB731E-A08A-4045-BB07-B57333D72C9A}.Release|Any CPU.Build.0 = Release|Any CPU
		{EA7FB291-59B6-4AD5-A275-EF4443CDC83D}.Debug|Any CPU.ActiveCfg = Debug|Any CPU
		{EA7FB291-59B6-4AD5-A275-EF4443CDC83D}.Debug|Any CPU.Build.0 = Debug|Any CPU
		{EA7FB291-59B6-4AD5-A275-EF4443CDC83D}.Release|Any CPU.ActiveCfg = Release|Any CPU
		{EA7FB291-59B6-4AD5-A275-EF4443CDC83D}.Release|Any CPU.Build.0 = Release|Any CPU
	EndGlobalSection
	GlobalSection(SolutionProperties) = preSolution
		HideSolutionNode = FALSE
	EndGlobalSection
	GlobalSection(ExtensibilityGlobals) = postSolution
		SolutionGuid = {3C0D8533-C6DA-4BC4-8B65-025C5A7B2D7D}
	EndGlobalSection
EndGlobal
