
Microsoft Visual Studio Solution File, Format Version 12.00
# Visual Studio Version 16
VisualStudioVersion = 16.0.31005.135
MinimumVisualStudioVersion = 10.0.40219.1
Project("{FAE04EC0-301F-11D3-BF4B-00C04F79EFBC}") = "CloudKarafka.Consumer.Net", "CloudKarafka.Consumer.Net.csproj", "{DE0C85B5-3375-4D12-92F1-32037527FAF8}"
EndProject
Global
	GlobalSection(SolutionConfigurationPlatforms) = preSolution
		Debug|Any CPU = Debug|Any CPU
		Release|Any CPU = Release|Any CPU
	EndGlobalSection
	GlobalSection(ProjectConfigurationPlatforms) = postSolution
		{DE0C85B5-3375-4D12-92F1-32037527FAF8}.Debug|Any CPU.ActiveCfg = Debug|Any CPU
		{DE0C85B5-3375-4D12-92F1-32037527FAF8}.Debug|Any CPU.Build.0 = Debug|Any CPU
		{DE0C85B5-3375-4D12-92F1-32037527FAF8}.Release|Any CPU.ActiveCfg = Release|Any CPU
		{DE0C85B5-3375-4D12-92F1-32037527FAF8}.Release|Any CPU.Build.0 = Release|Any CPU
	EndGlobalSection
	GlobalSection(SolutionProperties) = preSolution
		HideSolutionNode = FALSE
	EndGlobalSection
	GlobalSection(ExtensibilityGlobals) = postSolution
		SolutionGuid = {8BFC0364-ABE7-4BDF-AA4B-35015A9C95F9}
	EndGlobalSection
EndGlobal
